
Microsoft Visual Studio Solution File, Format Version 12.00
# Visual Studio 14
VisualStudioVersion = 14.0.24720.0
MinimumVisualStudioVersion = 10.0.40219.1
Project("{FAE04EC0-301F-11D3-BF4B-00C04F79EFBC}") = "EmpApp.Core", "EmpApp.Core\EmpApp.Core.csproj", "{1179067A-EDD7-4158-93FF-5CB72D2EA165}"
EndProject
Project("{FAE04EC0-301F-11D3-BF4B-00C04F79EFBC}") = "EmpApp.ConsoleClient", "EmpApp.ConsoleClient\EmpApp.ConsoleClient.csproj", "{66C9D2DE-DE3F-47C6-96DE-961A07735FEE}"
EndProject
Project("{FAE04EC0-301F-11D3-BF4B-00C04F79EFBC}") = "EmpApp.UnitTest", "EmpApp.UnitTest\EmpApp.UnitTest.csproj", "{D3990730-EA69-4A08-A779-A4E20E786B55}"
EndProject
Global
	GlobalSection(SolutionConfigurationPlatforms) = preSolution
		Debug|Any CPU = Debug|Any CPU
		Release|Any CPU = Release|Any CPU
	EndGlobalSection
	GlobalSection(ProjectConfigurationPlatforms) = postSolution
		{1179067A-EDD7-4158-93FF-5CB72D2EA165}.Debug|Any CPU.ActiveCfg = Debug|Any CPU
		{1179067A-EDD7-4158-93FF-5CB72D2EA165}.Debug|Any CPU.Build.0 = Debug|Any CPU
		{1179067A-EDD7-4158-93FF-5CB72D2EA165}.Release|Any CPU.ActiveCfg = Release|Any CPU
		{1179067A-EDD7-4158-93FF-5CB72D2EA165}.Release|Any CPU.Build.0 = Release|Any CPU
		{66C9D2DE-DE3F-47C6-96DE-961A07735FEE}.Debug|Any CPU.ActiveCfg = Debug|Any CPU
		{66C9D2DE-DE3F-47C6-96DE-961A07735FEE}.Debug|Any CPU.Build.0 = Debug|Any CPU
		{66C9D2DE-DE3F-47C6-96DE-961A07735FEE}.Release|Any CPU.ActiveCfg = Release|Any CPU
		{66C9D2DE-DE3F-47C6-96DE-961A07735FEE}.Release|Any CPU.Build.0 = Release|Any CPU
		{D3990730-EA69-4A08-A779-A4E20E786B55}.Debug|Any CPU.ActiveCfg = Debug|Any CPU
		{D3990730-EA69-4A08-A779-A4E20E786B55}.Debug|Any CPU.Build.0 = Debug|Any CPU
		{D3990730-EA69-4A08-A779-A4E20E786B55}.Release|Any CPU.ActiveCfg = Release|Any CPU
		{D3990730-EA69-4A08-A779-A4E20E786B55}.Release|Any CPU.Build.0 = Release|Any CPU
	EndGlobalSection
	GlobalSection(SolutionProperties) = preSolution
		HideSolutionNode = FALSE
	EndGlobalSection
EndGlobal
